PODS:
  - Connectivity (3.0.0)
  - GeneralToolsFramework (1.1.1):
    - Connectivity (~> 3.0)

DEPENDENCIES:
  - GeneralToolsFramework (from `../`)

SPEC REPOS:
  https://github.com/cocoapods/specs.git:
    - Connectivity

EXTERNAL SOURCES:
  GeneralToolsFramework:
    :path: "../"

SPEC CHECKSUMS:
  Connectivity: 0c36c25d92ae7499305125dbb61888f3fd6adab4
  GeneralToolsFramework: 6e1a6c025ea55fe074e754082b1a4c16f8ab5ced

PODFILE CHECKSUM: 8be6009e7d309a8d0cef2f1323298cf6b59c87c4

COCOAPODS: 1.6.1
