PODS:
  - AAPickerView (1.3)
  - Connectivity (3.3.4)
  - GeneralToolsFramework (1.8.0):
    - AAPickerView
    - Connectivity (~> 3.0)
    - PINCache
  - PINCache (3.0.1):
    - PINCache/Arc-exception-safe (= 3.0.1)
    - PINCache/Core (= 3.0.1)
  - PINCache/Arc-exception-safe (3.0.1):
    - PINCache/Core
  - PINCache/Core (3.0.1):
    - PINOperation (~> 1.2.0)
  - PINOperation (1.2)

DEPENDENCIES:
  - GeneralToolsFramework (from `../`)

SPEC REPOS:
  trunk:
    - AAPickerView
    - Connectivity
    - PINCache
    - PINOperation

EXTERNAL SOURCES:
  GeneralToolsFramework:
    :path: "../"

SPEC CHECKSUMS:
  AAPickerView: 98fefdd9610a982e1a344e09192906154f868e1f
  Connectivity: 6494e28e023bc3c9d2a5d99775293d61a35d01da
  GeneralToolsFramework: 1f8223046af99a5e6116fbb51315076d4c6b32c4
  PINCache: ee3c4abadd09970a61cdda0cfc345e69a3d75b26
  PINOperation: 3a967a927e7867e61976c6cc23e5770416449fbc

PODFILE CHECKSUM: 8be6009e7d309a8d0cef2f1323298cf6b59c87c4

COCOAPODS: 1.9.3
