PODS:
  - AAPickerView (1.3)
  - Connectivity (5.0.0)
  - GeneralToolsFramework (1.16.0):
    - AAPickerView (~> 1.3)
    - Connectivity (~> 5.0)
    - PINCache (~> 3.0)
  - PINCache (3.0.3):
    - PINCache/Arc-exception-safe (= 3.0.3)
    - PINCache/Core (= 3.0.3)
  - PINCache/Arc-exception-safe (3.0.3):
    - PINCache/Core
  - PINCache/Core (3.0.3):
    - PINOperation (~> 1.2.1)
  - PINOperation (1.2.1)

DEPENDENCIES:
  - GeneralToolsFramework (from `../`)

SPEC REPOS:
  trunk:
    - AAPickerView
    - Connectivity
    - PINCache
    - PINOperation

EXTERNAL SOURCES:
  GeneralToolsFramework:
    :path: "../"

SPEC CHECKSUMS:
  AAPickerView: 98fefdd9610a982e1a344e09192906154f868e1f
  Connectivity: e990703fb8d8db54649ea05facac92000cc0f3eb
  GeneralToolsFramework: 2b6a3bb611a37b55c8614bf44d03f793076177d4
  PINCache: 7a8fc1a691173d21dbddbf86cd515de6efa55086
  PINOperation: 00c935935f1e8cf0d1e2d6b542e75b88fc3e5e20

PODFILE CHECKSUM: be24fad461c6a57e35621a278ad2d07fe85245bb

COCOAPODS: 1.11.2
